[[package]]
name = "attrs"
version = "22.1.0"
description = "Classes Without Boilerplate"
category = "dev"
optional = false
python-versions = ">=3.5"

[package.extras]
dev = ["cloudpickle", "coverage[toml] (>=5.0.2)", "furo", "hypothesis", "mypy (>=0.900,!=0.940)", "pre-commit", "pympler", "pytest (>=4.3.0)", "pytest-mypy-plugins", "sphinx", "sphinx-notfound-page", "zope.interface"]
docs = ["furo", "sphinx", "sphinx-notfound-page", "zope.interface"]
tests = ["cloudpickle", "coverage[toml] (>=5.0.2)", "hypothesis", "mypy (>=0.900,!=0.940)", "pympler", "pytest (>=4.3.0)", "pytest-mypy-plugins", "zope.interface"]
tests-no-zope = ["cloudpickle", "coverage[toml] (>=5.0.2)", "hypothesis", "mypy (>=0.900,!=0.940)", "pympler", "pytest (>=4.3.0)", "pytest-mypy-plugins"]

[[package]]
name = "colorama"
version = "0.4.6"
description = "Cross-platform colored terminal text."
category = "dev"
optional = false
python-versions = "!=3.0.*,!=3.1.*,!=3.2.*,!=3.3.*,!=3.4.*,!=3.5.*,!=3.6.*,>=2.7"

[[package]]
name = "dearpygui"
version = "1.8.0"
description = "DearPyGui: A simple Python GUI Toolkit"
category = "main"
optional = false
python-versions = ">=3.7"

[[package]]
name = "iniconfig"
version = "1.1.1"
description = "iniconfig: brain-dead simple config-ini parsing"
category = "dev"
optional = false
python-versions = "*"

[[package]]
name = "packaging"
version = "21.3"
description = "Core utilities for Python packages"
category = "dev"
optional = false
python-versions = ">=3.6"

[package.dependencies]
pyparsing = ">=2.0.2,<3.0.5 || >3.0.5"

[[package]]
name = "pluggy"
version = "1.0.0"
description = "plugin and hook calling mechanisms for python"
category = "dev"
optional = false
python-versions = ">=3.6"

[package.extras]
dev = ["pre-commit", "tox"]
testing = ["pytest", "pytest-benchmark"]

[[package]]
name = "pyparsing"
version = "3.0.9"
description = "pyparsing module - Classes and methods to define and execute parsing grammars"
category = "dev"
optional = false
python-versions = ">=3.6.8"

[package.extras]
diagrams = ["jinja2", "railroad-diagrams"]

[[package]]
name = "pytest"
version = "7.2.0"
description = "pytest: simple powerful testing with Python"
category = "dev"
optional = false
python-versions = ">=3.7"

[package.dependencies]
attrs = ">=19.2.0"
colorama = {version = "*", markers = "sys_platform == \"win32\""}
iniconfig = "*"
packaging = "*"
pluggy = ">=0.12,<2.0"

[package.extras]
testing = ["argcomplete", "hypothesis (>=3.56)", "mock", "nose", "pygments (>=2.7.2)", "requests", "xmlschema"]

[[package]]
name = "pytest-github-actions-annotate-failures"
version = "0.1.7"
description = "pytest plugin to annotate failed tests with a workflow command for GitHub Actions"
category = "dev"
optional = false
python-versions = "*"

[package.dependencies]
pytest = ">=4.0.0"

[metadata]
lock-version = "1.1"
python-versions = "^3.11"
content-hash = "19dd8a2d131057f254f569aee6026cb5ee5fbddf1784f534496bfe712bbde519"

[metadata.files]
attrs = [
    {file = "attrs-22.1.0-py2.py3-none-any.whl", hash = "sha256:86efa402f67bf2df34f51a335487cf46b1ec130d02b8d39fd248abfd30da551c"},
    {file = "attrs-22.1.0.tar.gz", hash = "sha256:29adc2665447e5191d0e7c568fde78b21f9672d344281d0c6e1ab085429b22b6"},
]
colorama = [
    {file = "colorama-0.4.6-py2.py3-none-any.whl", hash = "sha256:4f1d9991f5acc0ca119f9d443620b77f9d6b33703e51011c16baf57afb285fc6"},
    {file = "colorama-0.4.6.tar.gz", hash = "sha256:08695f5cb7ed6e0531a20572697297273c47b8cae5a63ffc6d6ed5c201be6e44"},
]
dearpygui = [
    {file = "dearpygui-1.8.0-cp310-cp310-macosx_10_6_x86_64.whl", hash = "sha256:bbad360b80a29a2deb40a8a2f73aa17fee1c5e817035e590509e067f3dc531d3"},
    {file = "dearpygui-1.8.0-cp310-cp310-macosx_11_0_arm64.whl", hash = "sha256:dabeff583800aea84bc537ab188a87398ed9e5e0537cc3e37fdc6e59d6b40495"},
    {file = "dearpygui-1.8.0-cp310-cp310-manylinux1_x86_64.whl", hash = "sha256:7e93c41d64d884e1d9e8c6f991d51e4ed9dd9792f609d9a6f7399059c29d1706"},
    {file = "dearpygui-1.8.0-cp310-cp310-win_amd64.whl", hash = "sha256:55006836de1d1a30ae6c03dd794d1798a4e9942b78f1239802afac4673c3fa38"},
    {file = "dearpygui-1.8.0-cp311-cp311-macosx_10_6_x86_64.whl", hash = "sha256:cf5b76bbefa1348e5bf53a68cd7a1d24768819e0e9b5535168b378830a20b6c1"},
    {file = "dearpygui-1.8.0-cp311-cp311-macosx_11_0_arm64.whl", hash = "sha256:dfe7c746ab87b57ef84495462b36b0533435b3b6a94d241af7fe9219f54744f6"},
    {file = "dearpygui-1.8.0-cp311-cp311-manylinux1_x86_64.whl", hash = "sha256:fe7ef89b9bd9ac34ab865b488b11fee5537767b63cedb436633054bd39bfc46e"},
    {file = "dearpygui-1.8.0-cp311-cp311-win_amd64.whl", hash = "sha256:82c1ebd00d747e2c6d35eabaaacc851d29b38b49aad8f7726b6339aca2045aa2"},
    {file = "dearpygui-1.8.0-cp37-cp37m-macosx_10_6_x86_64.whl", hash = "sha256:476748dbaaf1d4749959e6192218d64c700bd4a06c1a5d26a77b1b1ef49ca7ab"},
    {file = "dearpygui-1.8.0-cp37-cp37m-manylinux1_x86_64.whl", hash = "sha256:8ad1cc0a4af84e146f5191e86e54dcadff5a0863ae935ae34168af840848f0ab"},
    {file = "dearpygui-1.8.0-cp37-cp37m-win_amd64.whl", hash = "sha256:e2cf13789ca6b91d56f1d83cfadc59ae21044bea0d19ff9d3c9b445d7ec05c8b"},
    {file = "dearpygui-1.8.0-cp38-cp38-macosx_10_6_x86_64.whl", hash = "sha256:0cc9ce8c3b4ad324c8e224a6e483ad7d6c7919ab758c3bbeccaea75bb414f727"},
    {file = "dearpygui-1.8.0-cp38-cp38-manylinux1_x86_64.whl", hash = "sha256:71e447e4f05200aae6839c45fccc08291c8e6b32540a4cf45f58e08cb1a0cf61"},
    {file = "dearpygui-1.8.0-cp38-cp38-win_amd64.whl", hash = "sha256:f4637d217e0c773899947b73372e8685e45818af98e97838bee2c89a82d40c92"},
    {file = "dearpygui-1.8.0-cp39-cp39-macosx_10_6_x86_64.whl", hash = "sha256:2ec09455e38e9b0ed182a4933b76a9fd6c3300aebe3d87c2b0cffe70c5b77b07"},
    {file = "dearpygui-1.8.0-cp39-cp39-macosx_11_0_arm64.whl", hash = "sha256:14ccf3cb6d877454a7943797e946e2b0f28ba7682e1cd876dac0a388853b01f8"},
    {file = "dearpygui-1.8.0-cp39-cp39-manylinux1_x86_64.whl", hash = "sha256:525849a1217ee1f78c7321a54cb5d2ffb5a80a55e25da5ceeb83ca5cc21b99e8"},
    {file = "dearpygui-1.8.0-cp39-cp39-win_amd64.whl", hash = "sha256:9c1233e887f956df7747468f51459f583760fc2e82670cf0dc9b8adf54c8a01a"},
]
iniconfig = [
    {file = "iniconfig-1.1.1-py2.py3-none-any.whl", hash = "sha256:011e24c64b7f47f6ebd835bb12a743f2fbe9a26d4cecaa7f53bc4f35ee9da8b3"},
    {file = "iniconfig-1.1.1.tar.gz", hash = "sha256:bc3af051d7d14b2ee5ef9969666def0cd1a000e121eaea580d4a313df4b37f32"},
]
packaging = [
    {file = "packaging-21.3-py3-none-any.whl", hash = "sha256:ef103e05f519cdc783ae24ea4e2e0f508a9c99b2d4969652eed6a2e1ea5bd522"},
    {file = "packaging-21.3.tar.gz", hash = "sha256:dd47c42927d89ab911e606518907cc2d3a1f38bbd026385970643f9c5b8ecfeb"},
]
pluggy = [
    {file = "pluggy-1.0.0-py2.py3-none-any.whl", hash = "sha256:74134bbf457f031a36d68416e1509f34bd5ccc019f0bcc952c7b909d06b37bd3"},
    {file = "pluggy-1.0.0.tar.gz", hash = "sha256:4224373bacce55f955a878bf9cfa763c1e360858e330072059e10bad68531159"},
]
pyparsing = [
    {file = "pyparsing-3.0.9-py3-none-any.whl", hash = "sha256:5026bae9a10eeaefb61dab2f09052b9f4307d44aee4eda64b309723d8d206bbc"},
    {file = "pyparsing-3.0.9.tar.gz", hash = "sha256:2b020ecf7d21b687f219b71ecad3631f644a47f01403fa1d1036b0c6416d70fb"},
]
pytest = [
    {file = "pytest-7.2.0-py3-none-any.whl", hash = "sha256:892f933d339f068883b6fd5a459f03d85bfcb355e4981e146d2c7616c21fef71"},
    {file = "pytest-7.2.0.tar.gz", hash = "sha256:c4014eb40e10f11f355ad4e3c2fb2c6c6d1919c73f3b5a433de4708202cade59"},
]
pytest-github-actions-annotate-failures = [
    {file = "pytest-github-actions-annotate-failures-0.1.7.tar.gz", hash = "sha256:c6af8f9d13f1f09ef4c104a30875a4975db131ddbba979c8e48fdc456c8dde1f"},
    {file = "pytest_github_actions_annotate_failures-0.1.7-py2.py3-none-any.whl", hash = "sha256:c4a7346d1d95f731a6b53e9a45f10ca56593978149266dd7526876cce403ea38"},
]
